{
  "name": "agent-lifeline",
  "version": "0.2.0",
  "lockfileVersion": 3,
  "requires": true,
  "packages": {
    "": {
      "name": "agent-lifeline",
      "version": "0.2.0",
      "license": "MIT",
      "bin": {
        "agent-lifeline": "bin/agent-lifeline.js"
      },
      "engines": {
        "node": ">=18.0.0"
      }
    }
  }
}
